
Microsoft Visual Studio Solution File, Format Version 12.00
# Visual Studio 15
VisualStudioVersion = 15.0.27428.2043
MinimumVisualStudioVersion = 10.0.40219.1
Project("{FAE04EC0-301F-11D3-BF4B-00C04F79EFBC}") = "Torken.CQRS.Interfaces", "Torken.CQRS.Interfaces\Torken.CQRS.Interfaces.csproj", "{A96E46AF-AAF6-41C6-ACD1-1152EA6778D8}"
EndProject
Project("{FAE04EC0-301F-11D3-BF4B-00C04F79EFBC}") = "Torken.CQRS.Core", "Torken.CQRS.Core\Torken.CQRS.Core.csproj", "{50702627-54AD-43AC-835C-BB6530EB5DA3}"
EndProject
Global
	GlobalSection(SolutionConfigurationPlatforms) = preSolution
		Debug|Any CPU = Debug|Any CPU
		Release|Any CPU = Release|Any CPU
	EndGlobalSection
	GlobalSection(ProjectConfigurationPlatforms) = postSolution
		{A96E46AF-AAF6-41C6-ACD1-1152EA6778D8}.Debug|Any CPU.ActiveCfg = Debug|Any CPU
		{A96E46AF-AAF6-41C6-ACD1-1152EA6778D8}.Debug|Any CPU.Build.0 = Debug|Any CPU
		{A96E46AF-AAF6-41C6-ACD1-1152EA6778D8}.Release|Any CPU.ActiveCfg = Release|Any CPU
		{A96E46AF-AAF6-41C6-ACD1-1152EA6778D8}.Release|Any CPU.Build.0 = Release|Any CPU
		{50702627-54AD-43AC-835C-BB6530EB5DA3}.Debug|Any CPU.ActiveCfg = Debug|Any CPU
		{50702627-54AD-43AC-835C-BB6530EB5DA3}.Debug|Any CPU.Build.0 = Debug|Any CPU
		{50702627-54AD-43AC-835C-BB6530EB5DA3}.Release|Any CPU.ActiveCfg = Release|Any CPU
		{50702627-54AD-43AC-835C-BB6530EB5DA3}.Release|Any CPU.Build.0 = Release|Any CPU
	EndGlobalSection
	GlobalSection(SolutionProperties) = preSolution
		HideSolutionNode = FALSE
	EndGlobalSection
	GlobalSection(ExtensibilityGlobals) = postSolution
		SolutionGuid = {385F3937-90C4-4955-90AA-6C4564EF4E6A}
	EndGlobalSection
EndGlobal
